{
  "name": "atom-ide-deno",
  "version": "1.13.0",
  "lockfileVersion": 1,
  "requires": true,
  "dependencies": {
    "@types/atom": {
      "version": "1.40.11",
      "resolved": "https://registry.npmjs.org/@types/atom/-/atom-1.40.11.tgz",
      "integrity": "sha512-TsPltugw2wKtR5p6ICv73t9kxdx59fTfdcD8Xe/0EEjF5vHBz99Z7Kj/rPRpyM/4ZcY1GrkQh8hgOw/OJRCs0g==",
      "requires": {
        "@types/node": "*"
      }
    },
    "@types/dompurify": {
      "version": "2.2.3",
      "resolved": "https://registry.npmjs.org/@types/dompurify/-/dompurify-2.2.3.tgz",
      "integrity": "sha512-CLtc2mZK8+axmrz1JqtpklO/Kvn38arGc8o1l3UVopZaXXuer9ONdZwJ/9f226GrhRLtUmLr9WrvZsRSNpS8og==",
      "requires": {
        "@types/trusted-types": "*"
      }
    },
    "@types/glob": {
      "version": "7.1.4",
      "resolved": "https://registry.npmjs.org/@types/glob/-/glob-7.1.4.tgz",
      "integrity": "sha512-w+LsMxKyYQm347Otw+IfBXOv9UWVjpHpCDdbBMt8Kz/xbvCYNjP+0qPh91Km3iKfSRLBB0P7fAMf0KHrPu+MyA==",
      "requires": {
        "@types/minimatch": "*",
        "@types/node": "*"
      }
    },
    "@types/minimatch": {
      "version": "3.0.5",
      "resolved": "https://registry.npmjs.org/@types/minimatch/-/minimatch-3.0.5.tgz",
      "integrity": "sha512-Klz949h02Gz2uZCMGwDUSDS1YBlTdDDgbWHi+81l29tQALUtvz4rAYi5uoVhE5Lagoq6DeqAUlbrHvW/mXDgdQ=="
    },
    "@types/node": {
      "version": "17.0.41",
      "resolved": "https://registry.npmjs.org/@types/node/-/node-17.0.41.tgz",
      "integrity": "sha512-xA6drNNeqb5YyV5fO3OAEsnXLfO7uF0whiOfPTz5AeDo8KeZFmODKnvwPymMNO8qE/an8pVY/O50tig2SQCrGw=="
    },
    "@types/prop-types": {
      "version": "15.7.4",
      "resolved": "https://registry.npmjs.org/@types/prop-types/-/prop-types-15.7.4.tgz",
      "integrity": "sha512-rZ5drC/jWjrArrS8BR6SIr4cWpW09RNTYt9AMZo3Jwwif+iacXAqgVjm0B0Bv/S1jhDXKHqRVNCbACkJ89RAnQ=="
    },
    "@types/react": {
      "version": "17.0.18",
      "resolved": "https://registry.npmjs.org/@types/react/-/react-17.0.18.tgz",
      "integrity": "sha512-YTLgu7oS5zvSqq49X5Iue5oAbVGhgPc5Au29SJC4VeE17V6gASoOxVkUDy9pXFMRFxCWCD9fLeweNFizo3UzOg==",
      "requires": {
        "@types/prop-types": "*",
        "@types/scheduler": "*",
        "csstype": "^3.0.2"
      }
    },
    "@types/react-dom": {
      "version": "17.0.9",
      "resolved": "https://registry.npmjs.org/@types/react-dom/-/react-dom-17.0.9.tgz",
      "integrity": "sha512-wIvGxLfgpVDSAMH5utdL9Ngm5Owu0VsGmldro3ORLXV8CShrL8awVj06NuEXFQ5xyaYfdca7Sgbk/50Ri1GdPg==",
      "requires": {
        "@types/react": "*"
      }
    },
    "@types/rimraf": {
      "version": "3.0.1",
      "resolved": "https://registry.npmjs.org/@types/rimraf/-/rimraf-3.0.1.tgz",
      "integrity": "sha512-CAoSlbco40aKZ0CkelBF2g3JeN6aioRaTVnqSX5pWsn/WApm6IDxI4e4tD9D0dY/meCkyyleP1IQDVN13F4maA==",
      "requires": {
        "@types/glob": "*",
        "@types/node": "*"
      }
    },
    "@types/scheduler": {
      "version": "0.16.2",
      "resolved": "https://registry.npmjs.org/@types/scheduler/-/scheduler-0.16.2.tgz",
      "integrity": "sha512-hppQEBDmlwhFAXKJX2KnWLYu5yMfi91yazPb2l+lbJiwW+wdo1gNeRA+3RgNSO39WYX2euey41KEwnqesU2Jew=="
    },
    "@types/trusted-types": {
      "version": "2.0.2",
      "resolved": "https://registry.npmjs.org/@types/trusted-types/-/trusted-types-2.0.2.tgz",
      "integrity": "sha512-F5DIZ36YVLE+PN+Zwws4kJogq47hNgX3Nx6WyDJ3kcplxyke3XIzB8uK5n/Lpm1HBsbGzd6nmGehL8cPekP+Tg=="
    },
    "adm-zip": {
      "version": "0.5.5",
      "resolved": "https://registry.npmjs.org/adm-zip/-/adm-zip-0.5.5.tgz",
      "integrity": "sha512-IWwXKnCbirdbyXSfUDvCCrmYrOHANRZcc8NcRrvTlIApdl7PwE9oGcsYvNeJPAVY1M+70b4PxXGKIf8AEuiQ6w==",
      "dev": true
    },
    "atom-ide-base": {
      "version": "3.3.0",
      "resolved": "https://registry.npmjs.org/atom-ide-base/-/atom-ide-base-3.3.0.tgz",
      "integrity": "sha512-sAlYapfh0WbsRKnO0xlzggWY0X/j3XwoAAVrq9h+TpHc81O/TihRWsC2TPXhMoIWVKq40XASgqIXkN8kxDkoWA==",
      "requires": {
        "@types/atom": "^1.40.10",
        "@types/dompurify": "^2.2.2",
        "@types/node": "^15.12.2",
        "@types/react": "^17.0.9",
        "@types/react-dom": "^17.0.6",
        "atom-ide-markdown-service": "^2.1.0",
        "atom-package-deps": "^7.2.3",
        "classnames": "^2.3.1",
        "dompurify": "^2.2.9",
        "react": "^17.0.2",
        "react-dom": "^17.0.2",
        "rxjs": "^6.6.7"
      },
      "dependencies": {
        "@types/node": {
          "version": "15.14.7",
          "resolved": "https://registry.npmjs.org/@types/node/-/node-15.14.7.tgz",
          "integrity": "sha512-FA45p37/mLhpebgbPWWCKfOisTjxGK9lwcHlJ6XVLfu3NgfcazOJHdYUZCWPMK8QX4LhNZdmfo6iMz9FqpUbaw=="
        },
        "atom-package-deps": {
          "version": "7.2.3",
          "resolved": "https://registry.npmjs.org/atom-package-deps/-/atom-package-deps-7.2.3.tgz",
          "integrity": "sha512-Z1FHJS2c2xBN3wQVniG7jXDyE4mUjZlHA0tfIkCND9U/fHaZyBJPno4/jD8PtYUnhlymaHRbCsgxCU3QuKjqfQ=="
        }
      }
    },
    "atom-ide-markdown-service": {
      "version": "2.1.0",
      "resolved": "https://registry.npmjs.org/atom-ide-markdown-service/-/atom-ide-markdown-service-2.1.0.tgz",
      "integrity": "sha512-tbOMGVwOHgAwY8scx2maimConxQLKaFYEsaUs8sqOd9FVMGiulxg3XG0IGrhpdxd8nM3QqZLmFFX4fUExqe3UA==",
      "requires": {
        "dompurify": "^2.2.6",
        "marked": "^1.2.9"
      }
    },
    "atom-languageclient": {
      "version": "1.16.1",
      "resolved": "https://registry.npmjs.org/atom-languageclient/-/atom-languageclient-1.16.1.tgz",
      "integrity": "sha512-Wo9OCdebDn9O8qhjvoOD12aE7r6sh1l2p6kuX+VxUzQRr3IEOpqywENGuszxq9kSrl+jpR4XNH6iDR05A2jAXg==",
      "requires": {
        "@types/rimraf": "^3.0.1",
        "atom-ide-base": "^3.3.0",
        "rimraf": "^3.0.2",
        "vscode-jsonrpc": "6.0.0",
        "vscode-languageserver-protocol": "3.16.0",
        "vscode-languageserver-types": "3.16.0",
        "zadeh": "3.0.0-beta.4"
      },
      "dependencies": {
        "vscode-languageserver-protocol": {
          "version": "3.16.0",
          "resolved": "https://registry.npmjs.org/vscode-languageserver-protocol/-/vscode-languageserver-protocol-3.16.0.tgz",
          "integrity": "sha512-sdeUoAawceQdgIfTI+sdcwkiK2KU+2cbEYA0agzM2uqaUy2UpnnGHtWTHVEtS0ES4zHU0eMFRGN+oQgDxlD66A==",
          "requires": {
            "vscode-jsonrpc": "6.0.0",
            "vscode-languageserver-types": "3.16.0"
          }
        }
      }
    },
    "atom-package-deps": {
      "version": "8.0.0",
      "resolved": "https://registry.npmjs.org/atom-package-deps/-/atom-package-deps-8.0.0.tgz",
      "integrity": "sha512-TSY6WX4+QbMK9r6iCY99hNW+9vW7SF0zGHfnMLgiinMj5VR5MNQIhU+2pVXqIbGWnl32uqBAKB+iBztUV0ssyg=="
    },
    "atom-select-list": {
      "version": "0.8.1",
      "resolved": "https://registry.npmjs.org/atom-select-list/-/atom-select-list-0.8.1.tgz",
      "integrity": "sha512-MpwlZmmI81odx7rY+HpJrRmDW9aXlkFDFDNt70JxrPibxEh8h9HCZZj22woa4CKFKVXC8sEiLMcNtuDeE10jog==",
      "dev": true,
      "requires": {
        "etch": "^0.14.0",
        "fuzzaldrin": "^2.1.0"
      }
    },
    "atom-ts-transpiler": {
      "version": "1.5.3",
      "resolved": "https://registry.npmjs.org/atom-ts-transpiler/-/atom-ts-transpiler-1.5.3.tgz",
      "integrity": "sha512-9fOM2w/cCh5IdhrmoBR4aEXKpPJ39cjoEADcLbx3z0b6/m3Ij2ZyyupljPJFmnYEdjtXVk/G/V7H6SLfK3ALxQ=="
    },
    "balanced-match": {
      "version": "1.0.2",
      "resolved": "https://registry.npmjs.org/balanced-match/-/balanced-match-1.0.2.tgz",
      "integrity": "sha512-3oSeUO0TMV67hN1AmbXsK4yaqU7tjiHlbxRDZOpH0KW9+CeX4bRAaX0Anxt0tx2MrpRpWwQaPwIlISEJhYU5Pw=="
    },
    "brace-expansion": {
      "version": "1.1.11",
      "resolved": "https://registry.npmjs.org/brace-expansion/-/brace-expansion-1.1.11.tgz",
      "integrity": "sha512-iCuPHDFgrHX7H2vEI/5xpz07zSHB00TpugqhmYtVmMO6518mCuRMoOYFldEBl0g187ufozdaHgWKcYFb61qGiA==",
      "requires": {
        "balanced-match": "^1.0.0",
        "concat-map": "0.0.1"
      }
    },
    "classnames": {
      "version": "2.3.1",
      "resolved": "https://registry.npmjs.org/classnames/-/classnames-2.3.1.tgz",
      "integrity": "sha512-OlQdbZ7gLfGarSqxesMesDa5uz7KFbID8Kpq/SxIoNGDqY8lSYs0D+hhtBXhcdB3rcbXArFr7vlHheLk1voeNA=="
    },
    "concat-map": {
      "version": "0.0.1",
      "resolved": "https://registry.npmjs.org/concat-map/-/concat-map-0.0.1.tgz",
      "integrity": "sha1-2Klr13/Wjfd5OnMDajug1UBdR3s="
    },
    "csstype": {
      "version": "3.0.8",
      "resolved": "https://registry.npmjs.org/csstype/-/csstype-3.0.8.tgz",
      "integrity": "sha512-jXKhWqXPmlUeoQnF/EhTtTl4C9SnrxSH/jZUih3jmO6lBKr99rP3/+FmrMj4EFpOXzMtXHAZkd3x0E6h6Fgflw=="
    },
    "deno-bin": {
      "version": "1.11.5",
      "resolved": "https://registry.npmjs.org/deno-bin/-/deno-bin-1.11.5.tgz",
      "integrity": "sha512-JCA4zwwZADpAUSNP2ANkiQsX8GXjtyDEoOy1uWB8AFyncn6Ukbn5CAaEm9+dMaSAfgx9OEhiLOuII/s+q7GUhg==",
      "dev": true,
      "requires": {
        "adm-zip": "^0.5.4",
        "follow-redirects": "^1.10.0"
      }
    },
    "dompurify": {
      "version": "2.3.0",
      "resolved": "https://registry.npmjs.org/dompurify/-/dompurify-2.3.0.tgz",
      "integrity": "sha512-VV5C6Kr53YVHGOBKO/F86OYX6/iLTw2yVSI721gKetxpHCK/V5TaLEf9ODjRgl1KLSWRMY6cUhAbv/c+IUnwQw=="
    },
    "etch": {
      "version": "0.14.1",
      "resolved": "https://registry.npmjs.org/etch/-/etch-0.14.1.tgz",
      "integrity": "sha512-+IwqSDBhaQFMUHJu4L/ir0dhDoW5IIihg4Z9lzsIxxne8V0PlSg0gnk2STaKWjGJQnDR4cxpA+a/dORX9kycTA==",
      "dev": true
    },
    "follow-redirects": {
      "version": "1.14.1",
      "resolved": "https://registry.npmjs.org/follow-redirects/-/follow-redirects-1.14.1.tgz",
      "integrity": "sha512-HWqDgT7ZEkqRzBvc2s64vSZ/hfOceEol3ac/7tKwzuvEyWx3/4UegXh5oBOIotkGsObyk3xznnSRVADBgWSQVg==",
      "dev": true
    },
    "fs.realpath": {
      "version": "1.0.0",
      "resolved": "https://registry.npmjs.org/fs.realpath/-/fs.realpath-1.0.0.tgz",
      "integrity": "sha1-FQStJSMVjKpA20onh8sBQRmU6k8="
    },
    "fuzzaldrin": {
      "version": "2.1.0",
      "resolved": "https://registry.npmjs.org/fuzzaldrin/-/fuzzaldrin-2.1.0.tgz",
      "integrity": "sha1-kCBMPi/appQbso0WZF1BgGOpDps=",
      "dev": true
    },
    "glob": {
      "version": "7.1.7",
      "resolved": "https://registry.npmjs.org/glob/-/glob-7.1.7.tgz",
      "integrity": "sha512-OvD9ENzPLbegENnYP5UUfJIirTg4+XwMWGaQfQTY0JenxNvvIKP3U3/tAQSPIu/lHxXYSZmpXlUHeqAIdKzBLQ==",
      "requires": {
        "fs.realpath": "^1.0.0",
        "inflight": "^1.0.4",
        "inherits": "2",
        "minimatch": "^3.0.4",
        "once": "^1.3.0",
        "path-is-absolute": "^1.0.0"
      }
    },
    "inflight": {
      "version": "1.0.6",
      "resolved": "https://registry.npmjs.org/inflight/-/inflight-1.0.6.tgz",
      "integrity": "sha1-Sb1jMdfQLQwJvJEKEHW6gWW1bfk=",
      "requires": {
        "once": "^1.3.0",
        "wrappy": "1"
      }
    },
    "inherits": {
      "version": "2.0.4",
      "resolved": "https://registry.npmjs.org/inherits/-/inherits-2.0.4.tgz",
      "integrity": "sha512-k/vGaX4/Yla3WzyMCvTQOXYeIHvqOKtnqBduzTHpzpQZzAskKMhZ2K+EnBiSM9zGSoIFeMpXKxa4dYeZIQqewQ=="
    },
    "js-tokens": {
      "version": "4.0.0",
      "resolved": "https://registry.npmjs.org/js-tokens/-/js-tokens-4.0.0.tgz",
      "integrity": "sha512-RdJUflcE3cUzKiMqQgsCu06FPu9UdIJO0beYbPhHN4k6apgJtifcoCtT9bcxOpYBtpD2kCM6Sbzg4CausW/PKQ=="
    },
    "loose-envify": {
      "version": "1.4.0",
      "resolved": "https://registry.npmjs.org/loose-envify/-/loose-envify-1.4.0.tgz",
      "integrity": "sha512-lyuxPGr/Wfhrlem2CL/UcnUc1zcqKAImBDzukY7Y5F/yQiNdko6+fRLevlw1HgMySw7f611UIY408EtxRSoK3Q==",
      "requires": {
        "js-tokens": "^3.0.0 || ^4.0.0"
      }
    },
    "marked": {
      "version": "1.2.9",
      "resolved": "https://registry.npmjs.org/marked/-/marked-1.2.9.tgz",
      "integrity": "sha512-H8lIX2SvyitGX+TRdtS06m1jHMijKN/XjfH6Ooii9fvxMlh8QdqBfBDkGUpMWH2kQNrtixjzYUa3SH8ROTgRRw=="
    },
    "minimatch": {
      "version": "3.0.4",
      "resolved": "https://registry.npmjs.org/minimatch/-/minimatch-3.0.4.tgz",
      "integrity": "sha512-yJHVQEhyqPLUTgt9B83PXu6W3rx4MvvHvSUvToogpwoGDOUQ+yDrR0HRot+yOCdCO7u4hX3pWft6kWBBcqh0UA==",
      "requires": {
        "brace-expansion": "^1.1.7"
      }
    },
    "node-addon-api": {
      "version": "4.0.0",
      "resolved": "https://registry.npmjs.org/node-addon-api/-/node-addon-api-4.0.0.tgz",
      "integrity": "sha512-ALmRVBFzfwldBfk3SbKfl6+PVMXiCPKZBEfsJqB/EjXAMAI+MfFrEHR+GMRBuI162DihZ1QjEZ8ieYKuRCJ8Hg=="
    },
    "node-gyp-build": {
      "version": "4.2.3",
      "resolved": "https://registry.npmjs.org/node-gyp-build/-/node-gyp-build-4.2.3.tgz",
      "integrity": "sha512-MN6ZpzmfNCRM+3t57PTJHgHyw/h4OWnZ6mR8P5j/uZtqQr46RRuDE/P+g3n0YR/AiYXeWixZZzaip77gdICfRg=="
    },
    "object-assign": {
      "version": "4.1.1",
      "resolved": "https://registry.npmjs.org/object-assign/-/object-assign-4.1.1.tgz",
      "integrity": "sha1-IQmtx5ZYh8/AXLvUQsrIv7s2CGM="
    },
    "once": {
      "version": "1.4.0",
      "resolved": "https://registry.npmjs.org/once/-/once-1.4.0.tgz",
      "integrity": "sha1-WDsap3WWHUsROsF9nFC6753Xa9E=",
      "requires": {
        "wrappy": "1"
      }
    },
    "path-is-absolute": {
      "version": "1.0.1",
      "resolved": "https://registry.npmjs.org/path-is-absolute/-/path-is-absolute-1.0.1.tgz",
      "integrity": "sha1-F0uSaHNVNP+8es5r9TpanhtcX18="
    },
    "react": {
      "version": "17.0.2",
      "resolved": "https://registry.npmjs.org/react/-/react-17.0.2.tgz",
      "integrity": "sha512-gnhPt75i/dq/z3/6q/0asP78D0u592D5L1pd7M8P+dck6Fu/jJeL6iVVK23fptSUZj8Vjf++7wXA8UNclGQcbA==",
      "requires": {
        "loose-envify": "^1.1.0",
        "object-assign": "^4.1.1"
      }
    },
    "react-dom": {
      "version": "17.0.2",
      "resolved": "https://registry.npmjs.org/react-dom/-/react-dom-17.0.2.tgz",
      "integrity": "sha512-s4h96KtLDUQlsENhMn1ar8t2bEa+q/YAtj8pPPdIjPDGBDIVNsrD9aXNWqspUe6AzKCIG0C1HZZLqLV7qpOBGA==",
      "requires": {
        "loose-envify": "^1.1.0",
        "object-assign": "^4.1.1",
        "scheduler": "^0.20.2"
      }
    },
    "rimraf": {
      "version": "3.0.2",
      "resolved": "https://registry.npmjs.org/rimraf/-/rimraf-3.0.2.tgz",
      "integrity": "sha512-JZkJMZkAGFFPP2YqXZXPbMlMBgsxzE8ILs4lMIX/2o0L9UBw9O/Y3o6wFw/i9YLapcUJWwqbi3kdxIPdC62TIA==",
      "requires": {
        "glob": "^7.1.3"
      }
    },
    "rxjs": {
      "version": "6.6.7",
      "resolved": "https://registry.npmjs.org/rxjs/-/rxjs-6.6.7.tgz",
      "integrity": "sha512-hTdwr+7yYNIT5n4AMYp85KA6yw2Va0FLa3Rguvbpa4W3I5xynaBZo41cM3XM+4Q6fRMj3sBYIR1VAmZMXYJvRQ==",
      "requires": {
        "tslib": "^1.9.0"
      }
    },
    "scheduler": {
      "version": "0.20.2",
      "resolved": "https://registry.npmjs.org/scheduler/-/scheduler-0.20.2.tgz",
      "integrity": "sha512-2eWfGgAqqWFGqtdMmcL5zCMK1U8KlXv8SQFGglL3CEtd0aDVDWgeF/YoCmvln55m5zSk3J/20hTaSBeSObsQDQ==",
      "requires": {
        "loose-envify": "^1.1.0",
        "object-assign": "^4.1.1"
      }
    },
    "tslib": {
      "version": "1.14.1",
      "resolved": "https://registry.npmjs.org/tslib/-/tslib-1.14.1.tgz",
      "integrity": "sha512-Xni35NKzjgMrwevysHTCArtLDpPvye8zV/0E4EyYn43P7/7qvQwPh9BGkHewbMulVntbigmcT7rdX3BNo9wRJg=="
    },
    "typescript": {
      "version": "4.7.3",
      "resolved": "https://registry.npmjs.org/typescript/-/typescript-4.7.3.tgz",
      "integrity": "sha512-WOkT3XYvrpXx4vMMqlD+8R8R37fZkjyLGlxavMc4iB8lrl8L0DeTcHbYgw/v0N/z9wAFsgBhcsF0ruoySS22mA=="
    },
    "vscode-jsonrpc": {
      "version": "6.0.0",
      "resolved": "https://registry.npmjs.org/vscode-jsonrpc/-/vscode-jsonrpc-6.0.0.tgz",
      "integrity": "sha512-wnJA4BnEjOSyFMvjZdpiOwhSq9uDoK8e/kpRJDTaMYzwlkrhG1fwDIZI94CLsLzlCK5cIbMMtFlJlfR57Lavmg=="
    },
    "vscode-languageserver-protocol": {
      "version": "3.17.1",
      "resolved": "https://registry.npmjs.org/vscode-languageserver-protocol/-/vscode-languageserver-protocol-3.17.1.tgz",
      "integrity": "sha512-BNlAYgQoYwlSgDLJhSG+DeA8G1JyECqRzM2YO6tMmMji3Ad9Mw6AW7vnZMti90qlAKb0LqAlJfSVGEdqMMNzKg==",
      "dev": true,
      "requires": {
        "vscode-jsonrpc": "8.0.1",
        "vscode-languageserver-types": "3.17.1"
      },
      "dependencies": {
        "vscode-jsonrpc": {
          "version": "8.0.1",
          "resolved": "https://registry.npmjs.org/vscode-jsonrpc/-/vscode-jsonrpc-8.0.1.tgz",
          "integrity": "sha512-N/WKvghIajmEvXpatSzvTvOIz61ZSmOSa4BRA4pTLi+1+jozquQKP/MkaylP9iB68k73Oua1feLQvH3xQuigiQ==",
          "dev": true
        },
        "vscode-languageserver-types": {
          "version": "3.17.1",
          "resolved": "https://registry.npmjs.org/vscode-languageserver-types/-/vscode-languageserver-types-3.17.1.tgz",
          "integrity": "sha512-K3HqVRPElLZVVPtMeKlsyL9aK0GxGQpvtAUTfX4k7+iJ4mc1M+JM+zQwkgGy2LzY0f0IAafe8MKqIkJrxfGGjQ==",
          "dev": true
        }
      }
    },
    "vscode-languageserver-types": {
      "version": "3.16.0",
      "resolved": "https://registry.npmjs.org/vscode-languageserver-types/-/vscode-languageserver-types-3.16.0.tgz",
      "integrity": "sha512-k8luDIWJWyenLc5ToFQQMaSrqCHiLwyKPHKPQZ5zz21vM+vIVUSvsRpcbiECH4WR88K2XZqc4ScRcZ7nk/jbeA=="
    },
    "wrappy": {
      "version": "1.0.2",
      "resolved": "https://registry.npmjs.org/wrappy/-/wrappy-1.0.2.tgz",
      "integrity": "sha1-tSQ9jz7BqjXxNkYFvA0QNuMKtp8="
    },
    "zadeh": {
      "version": "3.0.0-beta.4",
      "resolved": "https://registry.npmjs.org/zadeh/-/zadeh-3.0.0-beta.4.tgz",
      "integrity": "sha512-tl65LekkDnEj2FPX7Bgx8uz0rXOP+UBTgGN7nva7uwX+9lOe4ECuQCeBr40ajHUwW+oJ50vusbnxjdkI/mmiqw==",
      "requires": {
        "node-addon-api": "~4.0.0",
        "node-gyp-build": "^4.2.3"
      }
    }
  }
}
